
Microsoft Visual Studio Solution File, Format Version 12.00
# Visual Studio 15
VisualStudioVersion = 15.0.28307.421
MinimumVisualStudioVersion = 10.0.40219.1
Project("{8BC9CEB8-8B4A-11D0-8D11-00A0C91BC942}") = "颜色", "颜色\颜色.vcxproj", "{39063D91-8325-4783-8498-9BAAEBCE7660}"
EndProject
Global
	GlobalSection(SolutionConfigurationPlatforms) = preSolution
		Debug|x64 = Debug|x64
		Debug|x86 = Debug|x86
		Release|x64 = Release|x64
		Release|x86 = Release|x86
	EndGlobalSection
	GlobalSection(ProjectConfigurationPlatforms) = postSolution
		{39063D91-8325-4783-8498-9BAAEBCE7660}.Debug|x64.ActiveCfg = Debug|x64
		{39063D91-8325-4783-8498-9BAAEBCE7660}.Debug|x64.Build.0 = Debug|x64
		{39063D91-8325-4783-8498-9BAAEBCE7660}.Debug|x86.ActiveCfg = Debug|Win32
		{39063D91-8325-4783-8498-9BAAEBCE7660}.Debug|x86.Build.0 = Debug|Win32
		{39063D91-8325-4783-8498-9BAAEBCE7660}.Release|x64.ActiveCfg = Release|x64
		{39063D91-8325-4783-8498-9BAAEBCE7660}.Release|x64.Build.0 = Release|x64
		{39063D91-8325-4783-8498-9BAAEBCE7660}.Release|x86.ActiveCfg = Release|Win32
		{39063D91-8325-4783-8498-9BAAEBCE7660}.Release|x86.Build.0 = Release|Win32
	EndGlobalSection
	GlobalSection(SolutionProperties) = preSolution
		HideSolutionNode = FALSE
	EndGlobalSection
	GlobalSection(ExtensibilityGlobals) = postSolution
		SolutionGuid = {C53ACBA2-9D08-48EF-A594-E52485FC0C31}
	EndGlobalSection
EndGlobal
