
Microsoft Visual Studio Solution File, Format Version 12.00
# Visual Studio 15
VisualStudioVersion = 15.0.28307.421
MinimumVisualStudioVersion = 10.0.40219.1
Project("{8BC9CEB8-8B4A-11D0-8D11-00A0C91BC942}") = "画一个圆", "画一个圆\画一个圆.vcxproj", "{A2F2E740-F460-43BE-A21E-64A0A192B2A8}"
EndProject
Global
	GlobalSection(SolutionConfigurationPlatforms) = preSolution
		Debug|x64 = Debug|x64
		Debug|x86 = Debug|x86
		Release|x64 = Release|x64
		Release|x86 = Release|x86
	EndGlobalSection
	GlobalSection(ProjectConfigurationPlatforms) = postSolution
		{A2F2E740-F460-43BE-A21E-64A0A192B2A8}.Debug|x64.ActiveCfg = Debug|x64
		{A2F2E740-F460-43BE-A21E-64A0A192B2A8}.Debug|x64.Build.0 = Debug|x64
		{A2F2E740-F460-43BE-A21E-64A0A192B2A8}.Debug|x86.ActiveCfg = Debug|Win32
		{A2F2E740-F460-43BE-A21E-64A0A192B2A8}.Debug|x86.Build.0 = Debug|Win32
		{A2F2E740-F460-43BE-A21E-64A0A192B2A8}.Release|x64.ActiveCfg = Release|x64
		{A2F2E740-F460-43BE-A21E-64A0A192B2A8}.Release|x64.Build.0 = Release|x64
		{A2F2E740-F460-43BE-A21E-64A0A192B2A8}.Release|x86.ActiveCfg = Release|Win32
		{A2F2E740-F460-43BE-A21E-64A0A192B2A8}.Release|x86.Build.0 = Release|Win32
	EndGlobalSection
	GlobalSection(SolutionProperties) = preSolution
		HideSolutionNode = FALSE
	EndGlobalSection
	GlobalSection(ExtensibilityGlobals) = postSolution
		SolutionGuid = {4F7FB8B3-1097-4A7E-9A09-519921F2088F}
	EndGlobalSection
EndGlobal
