
Microsoft Visual Studio Solution File, Format Version 12.00
# Visual Studio 15
VisualStudioVersion = 15.0.28307.1022
MinimumVisualStudioVersion = 10.0.40219.1
Project("{8BC9CEB8-8B4A-11D0-8D11-00A0C91BC942}") = "Materials", "Materials\Materials.vcxproj", "{57AA36B6-EAC8-428A-AA8E-4C716E4CB834}"
EndProject
Global
	GlobalSection(SolutionConfigurationPlatforms) = preSolution
		Debug|x64 = Debug|x64
		Debug|x86 = Debug|x86
		Release|x64 = Release|x64
		Release|x86 = Release|x86
	EndGlobalSection
	GlobalSection(ProjectConfigurationPlatforms) = postSolution
		{57AA36B6-EAC8-428A-AA8E-4C716E4CB834}.Debug|x64.ActiveCfg = Debug|x64
		{57AA36B6-EAC8-428A-AA8E-4C716E4CB834}.Debug|x64.Build.0 = Debug|x64
		{57AA36B6-EAC8-428A-AA8E-4C716E4CB834}.Debug|x86.ActiveCfg = Debug|Win32
		{57AA36B6-EAC8-428A-AA8E-4C716E4CB834}.Debug|x86.Build.0 = Debug|Win32
		{57AA36B6-EAC8-428A-AA8E-4C716E4CB834}.Release|x64.ActiveCfg = Release|x64
		{57AA36B6-EAC8-428A-AA8E-4C716E4CB834}.Release|x64.Build.0 = Release|x64
		{57AA36B6-EAC8-428A-AA8E-4C716E4CB834}.Release|x86.ActiveCfg = Release|Win32
		{57AA36B6-EAC8-428A-AA8E-4C716E4CB834}.Release|x86.Build.0 = Release|Win32
	EndGlobalSection
	GlobalSection(SolutionProperties) = preSolution
		HideSolutionNode = FALSE
	EndGlobalSection
	GlobalSection(ExtensibilityGlobals) = postSolution
		SolutionGuid = {96B5DC41-4684-4A8F-A685-91D15DDC6E04}
	EndGlobalSection
EndGlobal
